// !$*UTF8*$!
{
	archiveVersion = 1;
	classes = {
	};
	objectVersion = 50;
	objects = {

/* Begin PBXBuildFile section */
		49807B6526D4C3E60058019B /* war_challengeApp.swift in Sources */ = {isa = PBXBuildFile; fileRef = 49807B6426D4C3E60058019B /* war_challengeApp.swift */; };
		49807B6726D4C3E60058019B /* ContentView.swift in Sources */ = {isa = PBXBuildFile; fileRef = 49807B6626D4C3E60058019B /* ContentView.swift */; };
		49807B6926D4C3E70058019B /* Assets.xcassets in Resources */ = {isa = PBXBuildFile; fileRef = 49807B6826D4C3E70058019B /* Assets.xcassets */; };
		49807B6C26D4C3E70058019B /* Preview Assets.xcassets in Resources */ = {isa = PBXBuildFile; fileRef = 49807B6B26D4C3E70058019B /* Preview Assets.xcassets */; };
		49807B7726D4C3E70058019B /* war_challengeTests.swift in Sources */ = {isa = PBXBuildFile; fileRef = 49807B7626D4C3E70058019B /* war_challengeTests.swift */; };
		49807B8226D4C3E70058019B /* war_challengeUITests.swift in Sources */ = {isa = PBXBuildFile; fileRef = 49807B8126D4C3E70058019B /* war_challengeUITests.swift */; };
/* End PBXBuildFile section */

/* Begin PBXContainerItemProxy section */
		49807B7326D4C3E70058019B /* PBXContainerItemProxy */ = {
			isa = PBXContainerItemProxy;
			containerPortal = 49807B5926D4C3E60058019B /* Project object */;
			proxyType = 1;
			remoteGlobalIDString = 49807B6026D4C3E60058019B;
			remoteInfo = "war-challenge";
		};
		49807B7E26D4C3E70058019B /* PBXContainerItemProxy */ = {
			isa = PBXContainerItemProxy;
			containerPortal = 49807B5926D4C3E60058019B /* Project object */;
			proxyType = 1;
			remoteGlobalIDString = 49807B6026D4C3E60058019B;
			remoteInfo = "war-challenge";
		};
/* End PBXContainerItemProxy section */

/* Begin PBXFileReference section */
		49807B6126D4C3E60058019B /* war-challenge.app */ = {isa = PBXFileReference; explicitFileType = wrapper.application; includeInIndex = 0; path = "war-challenge.app"; sourceTree = BUILT_PRODUCTS_DIR; };
		49807B6426D4C3E60058019B /* war_challengeApp.swift */ = {isa = PBXFileReference; lastKnownFileType = sourcecode.swift; path = war_challengeApp.swift; sourceTree = "<group>"; };
		49807B6626D4C3E60058019B /* ContentView.swift */ = {isa = PBXFileReference; lastKnownFileType = sourcecode.swift; path = ContentView.swift; sourceTree = "<group>"; };
		49807B6826D4C3E70058019B /* Assets.xcassets */ = {isa = PBXFileReference; lastKnownFileType = folder.assetcatalog; path = Assets.xcassets; sourceTree = "<group>"; };
		49807B6B26D4C3E70058019B /* Preview Assets.xcassets */ = {isa = PBXFileReference; lastKnownFileType = folder.assetcatalog; path = "Preview Assets.xcassets"; sourceTree = "<group>"; };
		49807B6D26D4C3E70058019B /* Info.plist */ = {isa = PBXFileReference; lastKnownFileType = text.plist.xml; path = Info.plist; sourceTree = "<group>"; };
		49807B7226D4C3E70058019B /* war-challengeTests.xctest */ = {isa = PBXFileReference; explicitFileType = wrapper.cfbundle; includeInIndex = 0; path = "war-challengeTests.xctest"; sourceTree = BUILT_PRODUCTS_DIR; };
		49807B7626D4C3E70058019B /* war_challengeTests.swift */ = {isa = PBXFileReference; lastKnownFileType = sourcecode.swift; path = war_challengeTests.swift; sourceTree = "<group>"; };
		49807B7826D4C3E70058019B /* Info.plist */ = {isa = PBXFileReference; lastKnownFileType = text.plist.xml; path = Info.plist; sourceTree = "<group>"; };
		49807B7D26D4C3E70058019B /* war-challengeUITests.xctest */ = {isa = PBXFileReference; explicitFileType = wrapper.cfbundle; includeInIndex = 0; path = "war-challengeUITests.xctest"; sourceTree = BUILT_PRODUCTS_DIR; };
		49807B8126D4C3E70058019B /* war_challengeUITests.swift */ = {isa = PBXFileReference; lastKnownFileType = sourcecode.swift; path = war_challengeUITests.swift; sourceTree = "<group>"; };
		49807B8326D4C3E70058019B /* Info.plist */ = {isa = PBXFileReference; lastKnownFileType = text.plist.xml; path = Info.plist; sourceTree = "<group>"; };
/* End PBXFileReference section */

/* Begin PBXFrameworksBuildPhase section */
		49807B5E26D4C3E60058019B /* Frameworks */ = {
			isa = PBXFrameworksBuildPhase;
			buildActionMask = 2147483647;
			files = (
			);
			runOnlyForDeploymentPostprocessing = 0;
		};
		49807B6F26D4C3E70058019B /* Frameworks */ = {
			isa = PBXFrameworksBuildPhase;
			buildActionMask = 2147483647;
			files = (
			);
			runOnlyForDeploymentPostprocessing = 0;
		};
		49807B7A26D4C3E70058019B /* Frameworks */ = {
			isa = PBXFrameworksBuildPhase;
			buildActionMask = 2147483647;
			files = (
			);
			runOnlyForDeploymentPostprocessing = 0;
		};
/* End PBXFrameworksBuildPhase section */

/* Begin PBXGroup section */
		49807B5826D4C3E60058019B = {
			isa = PBXGroup;
			children = (
				49807B6326D4C3E60058019B /* war-challenge */,
				49807B7526D4C3E70058019B /* war-challengeTests */,
				49807B8026D4C3E70058019B /* war-challengeUITests */,
				49807B6226D4C3E60058019B /* Products */,
			);
			sourceTree = "<group>";
		};
		49807B6226D4C3E60058019B /* Products */ = {
			isa = PBXGroup;
			children = (
				49807B6126D4C3E60058019B /* war-challenge.app */,
				49807B7226D4C3E70058019B /* war-challengeTests.xctest */,
				49807B7D26D4C3E70058019B /* war-challengeUITests.xctest */,
			);
			name = Products;
			sourceTree = "<group>";
		};
		49807B6326D4C3E60058019B /* war-challenge */ = {
			isa = PBXGroup;
			children = (
				49807B6426D4C3E60058019B /* war_challengeApp.swift */,
				49807B6626D4C3E60058019B /* ContentView.swift */,
				49807B6826D4C3E70058019B /* Assets.xcassets */,
				49807B6D26D4C3E70058019B /* Info.plist */,
				49807B6A26D4C3E70058019B /* Preview Content */,
			);
			path = "war-challenge";
			sourceTree = "<group>";
		};
		49807B6A26D4C3E70058019B /* Preview Content */ = {
			isa = PBXGroup;
			children = (
				49807B6B26D4C3E70058019B /* Preview Assets.xcassets */,
			);
			path = "Preview Content";
			sourceTree = "<group>";
		};
		49807B7526D4C3E70058019B /* war-challengeTests */ = {
			isa = PBXGroup;
			children = (
				49807B7626D4C3E70058019B /* war_challengeTests.swift */,
				49807B7826D4C3E70058019B /* Info.plist */,
			);
			path = "war-challengeTests";
			sourceTree = "<group>";
		};
		49807B8026D4C3E70058019B /* war-challengeUITests */ = {
			isa = PBXGroup;
			children = (
				49807B8126D4C3E70058019B /* war_challengeUITests.swift */,
				49807B8326D4C3E70058019B /* Info.plist */,
			);
			path = "war-challengeUITests";
			sourceTree = "<group>";
		};
/* End PBXGroup section */

/* Begin PBXNativeTarget section */
		49807B6026D4C3E60058019B /* war-challenge */ = {
			isa = PBXNativeTarget;
			buildConfigurationList = 49807B8626D4C3E70058019B /* Build configuration list for PBXNativeTarget "war-challenge" */;
			buildPhases = (
				49807B5D26D4C3E60058019B /* Sources */,
				49807B5E26D4C3E60058019B /* Frameworks */,
				49807B5F26D4C3E60058019B /* Resources */,
			);
			buildRules = (
			);
			dependencies = (
			);
			name = "war-challenge";
			productName = "war-challenge";
			productReference = 49807B6126D4C3E60058019B /* war-challenge.app */;
			productType = "com.apple.product-type.application";
		};
		49807B7126D4C3E70058019B /* war-challengeTests */ = {
			isa = PBXNativeTarget;
			buildConfigurationList = 49807B8926D4C3E70058019B /* Build configuration list for PBXNativeTarget "war-challengeTests" */;
			buildPhases = (
				49807B6E26D4C3E70058019B /* Sources */,
				49807B6F26D4C3E70058019B /* Frameworks */,
				49807B7026D4C3E70058019B /* Resources */,
			);
			buildRules = (
			);
			dependencies = (
				49807B7426D4C3E70058019B /* PBXTargetDependency */,
			);
			name = "war-challengeTests";
			productName = "war-challengeTests";
			productReference = 49807B7226D4C3E70058019B /* war-challengeTests.xctest */;
			productType = "com.apple.product-type.bundle.unit-test";
		};
		49807B7C26D4C3E70058019B /* war-challengeUITests */ = {
			isa = PBXNativeTarget;
			buildConfigurationList = 49807B8C26D4C3E70058019B /* Build configuration list for PBXNativeTarget "war-challengeUITests" */;
			buildPhases = (
				49807B7926D4C3E70058019B /* Sources */,
				49807B7A26D4C3E70058019B /* Frameworks */,
				49807B7B26D4C3E70058019B /* Resources */,
			);
			buildRules = (
			);
			dependencies = (
				49807B7F26D4C3E70058019B /* PBXTargetDependency */,
			);
			name = "war-challengeUITests";
			productName = "war-challengeUITests";
			productReference = 49807B7D26D4C3E70058019B /* war-challengeUITests.xctest */;
			productType = "com.apple.product-type.bundle.ui-testing";
		};
/* End PBXNativeTarget section */

/* Begin PBXProject section */
		49807B5926D4C3E60058019B /* Project object */ = {
			isa = PBXProject;
			attributes = {
				LastSwiftUpdateCheck = 1250;
				LastUpgradeCheck = 1250;
				TargetAttributes = {
					49807B6026D4C3E60058019B = {
						CreatedOnToolsVersion = 12.5.1;
					};
					49807B7126D4C3E70058019B = {
						CreatedOnToolsVersion = 12.5.1;
						TestTargetID = 49807B6026D4C3E60058019B;
					};
					49807B7C26D4C3E70058019B = {
						CreatedOnToolsVersion = 12.5.1;
						TestTargetID = 49807B6026D4C3E60058019B;
					};
				};
			};
			buildConfigurationList = 49807B5C26D4C3E60058019B /* Build configuration list for PBXProject "war-challenge" */;
			compatibilityVersion = "Xcode 9.3";
			developmentRegion = en;
			hasScannedForEncodings = 0;
			knownRegions = (
				en,
				Base,
			);
			mainGroup = 49807B5826D4C3E60058019B;
			productRefGroup = 49807B6226D4C3E60058019B /* Products */;
			projectDirPath = "";
			projectRoot = "";
			targets = (
				49807B6026D4C3E60058019B /* war-challenge */,
				49807B7126D4C3E70058019B /* war-challengeTests */,
				49807B7C26D4C3E70058019B /* war-challengeUITests */,
			);
		};
/* End PBXProject section */

/* Begin PBXResourcesBuildPhase section */
		49807B5F26D4C3E60058019B /* Resources */ = {
			isa = PBXResourcesBuildPhase;
			buildActionMask = 2147483647;
			files = (
				49807B6C26D4C3E70058019B /* Preview Assets.xcassets in Resources */,
				49807B6926D4C3E70058019B /* Assets.xcassets in Resources */,
			);
			runOnlyForDeploymentPostprocessing = 0;
		};
		49807B7026D4C3E70058019B /* Resources */ = {
			isa = PBXResourcesBuildPhase;
			buildActionMask = 2147483647;
			files = (
			);
			runOnlyForDeploymentPostprocessing = 0;
		};
		49807B7B26D4C3E70058019B /* Resources */ = {
			isa = PBXResourcesBuildPhase;
			buildActionMask = 2147483647;
			files = (
			);
			runOnlyForDeploymentPostprocessing = 0;
		};
/* End PBXResourcesBuildPhase section */

/* Begin PBXSourcesBuildPhase section */
		49807B5D26D4C3E60058019B /* Sources */ = {
			isa = PBXSourcesBuildPhase;
			buildActionMask = 2147483647;
			files = (
				49807B6726D4C3E60058019B /* ContentView.swift in Sources */,
				49807B6526D4C3E60058019B /* war_challengeApp.swift in Sources */,
			);
			runOnlyForDeploymentPostprocessing = 0;
		};
		49807B6E26D4C3E70058019B /* Sources */ = {
			isa = PBXSourcesBuildPhase;
			buildActionMask = 2147483647;
			files = (
				49807B7726D4C3E70058019B /* war_challengeTests.swift in Sources */,
			);
			runOnlyForDeploymentPostprocessing = 0;
		};
		49807B7926D4C3E70058019B /* Sources */ = {
			isa = PBXSourcesBuildPhase;
			buildActionMask = 2147483647;
			files = (
				49807B8226D4C3E70058019B /* war_challengeUITests.swift in Sources */,
			);
			runOnlyForDeploymentPostprocessing = 0;
		};
/* End PBXSourcesBuildPhase section */

/* Begin PBXTargetDependency section */
		49807B7426D4C3E70058019B /* PBXTargetDependency */ = {
			isa = PBXTargetDependency;
			target = 49807B6026D4C3E60058019B /* war-challenge */;
			targetProxy = 49807B7326D4C3E70058019B /* PBXContainerItemProxy */;
		};
		49807B7F26D4C3E70058019B /* PBXTargetDependency */ = {
			isa = PBXTargetDependency;
			target = 49807B6026D4C3E60058019B /* war-challenge */;
			targetProxy = 49807B7E26D4C3E70058019B /* PBXContainerItemProxy */;
		};
/* End PBXTargetDependency section */

/* Begin XCBuildConfiguration section */
		49807B8426D4C3E70058019B /* Debug */ = {
			isa = XCBuildConfiguration;
			buildSettings = {
				ALWAYS_SEARCH_USER_PATHS = NO;
				CLANG_ANALYZER_NONNULL = YES;
				CLANG_ANALYZER_NUMBER_OBJECT_CONVERSION = YES_AGGRESSIVE;
				CLANG_CXX_LANGUAGE_STANDARD = "gnu++14";
				CLANG_CXX_LIBRARY = "libc++";
				CLANG_ENABLE_MODULES = YES;
				CLANG_ENABLE_OBJC_ARC = YES;
				CLANG_ENABLE_OBJC_WEAK = YES;
				CLANG_WARN_BLOCK_CAPTURE_AUTORELEASING = YES;
				CLANG_WARN_BOOL_CONVERSION = YES;
				CLANG_WARN_COMMA = YES;
				CLANG_WARN_CONSTANT_CONVERSION = YES;
				CLANG_WARN_DEPRECATED_OBJC_IMPLEMENTATIONS = YES;
				CLANG_WARN_DIRECT_OBJC_ISA_USAGE = YES_ERROR;
				CLANG_WARN_DOCUMENTATION_COMMENTS = YES;
				CLANG_WARN_EMPTY_BODY = YES;
				CLANG_WARN_ENUM_CONVERSION = YES;
				CLANG_WARN_INFINITE_RECURSION = YES;
				CLANG_WARN_INT_CONVERSION = YES;
				CLANG_WARN_NON_LITERAL_NULL_CONVERSION = YES;
				CLANG_WARN_OBJC_IMPLICIT_RETAIN_SELF = YES;
				CLANG_WARN_OBJC_LITERAL_CONVERSION = YES;
				CLANG_WARN_OBJC_ROOT_CLASS = YES_ERROR;
				CLANG_WARN_QUOTED_INCLUDE_IN_FRAMEWORK_HEADER = YES;
				CLANG_WARN_RANGE_LOOP_ANALYSIS = YES;
				CLANG_WARN_STRICT_PROTOTYPES = YES;
				CLANG_WARN_SUSPICIOUS_MOVE = YES;
				CLANG_WARN_UNGUARDED_AVAILABILITY = YES_AGGRESSIVE;
				CLANG_WARN_UNREACHABLE_CODE = YES;
				CLANG_WARN__DUPLICATE_METHOD_MATCH = YES;
				COPY_PHASE_STRIP = NO;
				DEBUG_INFORMATION_FORMAT = dwarf;
				ENABLE_STRICT_OBJC_MSGSEND = YES;
				ENABLE_TESTABILITY = YES;
				GCC_C_LANGUAGE_STANDARD = gnu11;
				GCC_DYNAMIC_NO_PIC = NO;
				GCC_NO_COMMON_BLOCKS = YES;
				GCC_OPTIMIZATION_LEVEL = 0;
				GCC_PREPROCESSOR_DEFINITIONS = (
					"DEBUG=1",
					"$(inherited)",
				);
				GCC_WARN_64_TO_32_BIT_CONVERSION = YES;
				GCC_WARN_ABOUT_RETURN_TYPE = YES_ERROR;
				GCC_WARN_UNDECLARED_SELECTOR = YES;
				GCC_WARN_UNINITIALIZED_AUTOS = YES_AGGRESSIVE;
				GCC_WARN_UNUSED_FUNCTION = YES;
				GCC_WARN_UNUSED_VARIABLE = YES;
				IPHONEOS_DEPLOYMENT_TARGET = 14.5;
				MTL_ENABLE_DEBUG_INFO = INCLUDE_SOURCE;
				MTL_FAST_MATH = YES;
				ONLY_ACTIVE_ARCH = YES;
				SDKROOT = iphoneos;
				SWIFT_ACTIVE_COMPILATION_CONDITIONS = DEBUG;
				SWIFT_OPTIMIZATION_LEVEL = "-Onone";
			};
			name = Debug;
		};
		49807B8526D4C3E70058019B /* Release */ = {
			isa = XCBuildConfiguration;
			buildSettings = {
				ALWAYS_SEARCH_USER_PATHS = NO;
				CLANG_ANALYZER_NONNULL = YES;
				CLANG_ANALYZER_NUMBER_OBJECT_CONVERSION = YES_AGGRESSIVE;
				CLANG_CXX_LANGUAGE_STANDARD = "gnu++14";
				CLANG_CXX_LIBRARY = "libc++";
				CLANG_ENABLE_MODULES = YES;
				CLANG_ENABLE_OBJC_ARC = YES;
				CLANG_ENABLE_OBJC_WEAK = YES;
				CLANG_WARN_BLOCK_CAPTURE_AUTORELEASING = YES;
				CLANG_WARN_BOOL_CONVERSION = YES;
				CLANG_WARN_COMMA = YES;
				CLANG_WARN_CONSTANT_CONVERSION = YES;
				CLANG_WARN_DEPRECATED_OBJC_IMPLEMENTATIONS = YES;
				CLANG_WARN_DIRECT_OBJC_ISA_USAGE = YES_ERROR;
				CLANG_WARN_DOCUMENTATION_COMMENTS = YES;
				CLANG_WARN_EMPTY_BODY = YES;
				CLANG_WARN_ENUM_CONVERSION = YES;
				CLANG_WARN_INFINITE_RECURSION = YES;
				CLANG_WARN_INT_CONVERSION = YES;
				CLANG_WARN_NON_LITERAL_NULL_CONVERSION = YES;
				CLANG_WARN_OBJC_IMPLICIT_RETAIN_SELF = YES;
				CLANG_WARN_OBJC_LITERAL_CONVERSION = YES;
				CLANG_WARN_OBJC_ROOT_CLASS = YES_ERROR;
				CLANG_WARN_QUOTED_INCLUDE_IN_FRAMEWORK_HEADER = YES;
				CLANG_WARN_RANGE_LOOP_ANALYSIS = YES;
				CLANG_WARN_STRICT_PROTOTYPES = YES;
				CLANG_WARN_SUSPICIOUS_MOVE = YES;
				CLANG_WARN_UNGUARDED_AVAILABILITY = YES_AGGRESSIVE;
				CLANG_WARN_UNREACHABLE_CODE = YES;
				CLANG_WARN__DUPLICATE_METHOD_MATCH = YES;
				COPY_PHASE_STRIP = NO;
				DEBUG_INFORMATION_FORMAT = "dwarf-with-dsym";
				ENABLE_NS_ASSERTIONS = NO;
				ENABLE_STRICT_OBJC_MSGSEND = YES;
				GCC_C_LANGUAGE_STANDARD = gnu11;
				GCC_NO_COMMON_BLOCKS = YES;
				GCC_WARN_64_TO_32_BIT_CONVERSION = YES;
				GCC_WARN_ABOUT_RETURN_TYPE = YES_ERROR;
				GCC_WARN_UNDECLARED_SELECTOR = YES;
				GCC_WARN_UNINITIALIZED_AUTOS = YES_AGGRESSIVE;
				GCC_WARN_UNUSED_FUNCTION = YES;
				GCC_WARN_UNUSED_VARIABLE = YES;
				IPHONEOS_DEPLOYMENT_TARGET = 14.5;
				MTL_ENABLE_DEBUG_INFO = NO;
				MTL_FAST_MATH = YES;
				SDKROOT = iphoneos;
				SWIFT_COMPILATION_MODE = wholemodule;
				SWIFT_OPTIMIZATION_LEVEL = "-O";
				VALIDATE_PRODUCT = YES;
			};
			name = Release;
		};
		49807B8726D4C3E70058019B /* Debug */ = {
			isa = XCBuildConfiguration;
			buildSettings = {
				ASSETCATALOG_COMPILER_APPICON_NAME = AppIcon;
				ASSETCATALOG_COMPILER_GLOBAL_ACCENT_COLOR_NAME = AccentColor;
				CODE_SIGN_STYLE = Automatic;
				DEVELOPMENT_ASSET_PATHS = "\"war-challenge/Preview Content\"";
				ENABLE_PREVIEWS = YES;
				INFOPLIST_FILE = "war-challenge/Info.plist";
				IPHONEOS_DEPLOYMENT_TARGET = 14.0;
				LD_RUNPATH_SEARCH_PATHS = (
					"$(inherited)",
					"@executable_path/Frameworks",
				);
				PRODUCT_BUNDLE_IDENTIFIER = "Tr3y.war-challenge";
				PRODUCT_NAME = "$(TARGET_NAME)";
				SWIFT_VERSION = 5.0;
				TARGETED_DEVICE_FAMILY = "1,2";
			};
			name = Debug;
		};
		49807B8826D4C3E70058019B /* Release */ = {
			isa = XCBuildConfiguration;
			buildSettings = {
				ASSETCATALOG_COMPILER_APPICON_NAME = AppIcon;
				ASSETCATALOG_COMPILER_GLOBAL_ACCENT_COLOR_NAME = AccentColor;
				CODE_SIGN_STYLE = Automatic;
				DEVELOPMENT_ASSET_PATHS = "\"war-challenge/Preview Content\"";
				ENABLE_PREVIEWS = YES;
				INFOPLIST_FILE = "war-challenge/Info.plist";
				IPHONEOS_DEPLOYMENT_TARGET = 14.0;
				LD_RUNPATH_SEARCH_PATHS = (
					"$(inherited)",
					"@executable_path/Frameworks",
				);
				PRODUCT_BUNDLE_IDENTIFIER = "Tr3y.war-challenge";
				PRODUCT_NAME = "$(TARGET_NAME)";
				SWIFT_VERSION = 5.0;
				TARGETED_DEVICE_FAMILY = "1,2";
			};
			name = Release;
		};
		49807B8A26D4C3E70058019B /* Debug */ = {
			isa = XCBuildConfiguration;
			buildSettings = {
				ALWAYS_EMBED_SWIFT_STANDARD_LIBRARIES = YES;
				BUNDLE_LOADER = "$(TEST_HOST)";
				CODE_SIGN_STYLE = Automatic;
				INFOPLIST_FILE = "war-challengeTests/Info.plist";
				IPHONEOS_DEPLOYMENT_TARGET = 14.0;
				LD_RUNPATH_SEARCH_PATHS = (
					"$(inherited)",
					"@executable_path/Frameworks",
					"@loader_path/Frameworks",
				);
				PRODUCT_BUNDLE_IDENTIFIER = "Tr3y.war-challengeTests";
				PRODUCT_NAME = "$(TARGET_NAME)";
				SWIFT_VERSION = 5.0;
				TARGETED_DEVICE_FAMILY = "1,2";
				TEST_HOST = "$(BUILT_PRODUCTS_DIR)/war-challenge.app/war-challenge";
			};
			name = Debug;
		};
		49807B8B26D4C3E70058019B /* Release */ = {
			isa = XCBuildConfiguration;
			buildSettings = {
				ALWAYS_EMBED_SWIFT_STANDARD_LIBRARIES = YES;
				BUNDLE_LOADER = "$(TEST_HOST)";
				CODE_SIGN_STYLE = Automatic;
				INFOPLIST_FILE = "war-challengeTests/Info.plist";
				IPHONEOS_DEPLOYMENT_TARGET = 14.0;
				LD_RUNPATH_SEARCH_PATHS = (
					"$(inherited)",
					"@executable_path/Frameworks",
					"@loader_path/Frameworks",
				);
				PRODUCT_BUNDLE_IDENTIFIER = "Tr3y.war-challengeTests";
				PRODUCT_NAME = "$(TARGET_NAME)";
				SWIFT_VERSION = 5.0;
				TARGETED_DEVICE_FAMILY = "1,2";
				TEST_HOST = "$(BUILT_PRODUCTS_DIR)/war-challenge.app/war-challenge";
			};
			name = Release;
		};
		49807B8D26D4C3E70058019B /* Debug */ = {
			isa = XCBuildConfiguration;
			buildSettings = {
				ALWAYS_EMBED_SWIFT_STANDARD_LIBRARIES = YES;
				CODE_SIGN_STYLE = Automatic;
				INFOPLIST_FILE = "war-challengeUITests/Info.plist";
				LD_RUNPATH_SEARCH_PATHS = (
					"$(inherited)",
					"@executable_path/Frameworks",
					"@loader_path/Frameworks",
				);
				PRODUCT_BUNDLE_IDENTIFIER = "Tr3y.war-challengeUITests";
				PRODUCT_NAME = "$(TARGET_NAME)";
				SWIFT_VERSION = 5.0;
				TARGETED_DEVICE_FAMILY = "1,2";
				TEST_TARGET_NAME = "war-challenge";
			};
			name = Debug;
		};
		49807B8E26D4C3E70058019B /* Release */ = {
			isa = XCBuildConfiguration;
			buildSettings = {
				ALWAYS_EMBED_SWIFT_STANDARD_LIBRARIES = YES;
				CODE_SIGN_STYLE = Automatic;
				INFOPLIST_FILE = "war-challengeUITests/Info.plist";
				LD_RUNPATH_SEARCH_PATHS = (
					"$(inherited)",
					"@executable_path/Frameworks",
					"@loader_path/Frameworks",
				);
				PRODUCT_BUNDLE_IDENTIFIER = "Tr3y.war-challengeUITests";
				PRODUCT_NAME = "$(TARGET_NAME)";
				SWIFT_VERSION = 5.0;
				TARGETED_DEVICE_FAMILY = "1,2";
				TEST_TARGET_NAME = "war-challenge";
			};
			name = Release;
		};
/* End XCBuildConfiguration section */

/* Begin XCConfigurationList section */
		49807B5C26D4C3E60058019B /* Build configuration list for PBXProject "war-challenge" */ = {
			isa = XCConfigurationList;
			buildConfigurations = (
				49807B8426D4C3E70058019B /* Debug */,
				49807B8526D4C3E70058019B /* Release */,
			);
			defaultConfigurationIsVisible = 0;
			defaultConfigurationName = Release;
		};
		49807B8626D4C3E70058019B /* Build configuration list for PBXNativeTarget "war-challenge" */ = {
			isa = XCConfigurationList;
			buildConfigurations = (
				49807B8726D4C3E70058019B /* Debug */,
				49807B8826D4C3E70058019B /* Release */,
			);
			defaultConfigurationIsVisible = 0;
			defaultConfigurationName = Release;
		};
		49807B8926D4C3E70058019B /* Build configuration list for PBXNativeTarget "war-challengeTests" */ = {
			isa = XCConfigurationList;
			buildConfigurations = (
				49807B8A26D4C3E70058019B /* Debug */,
				49807B8B26D4C3E70058019B /* Release */,
			);
			defaultConfigurationIsVisible = 0;
			defaultConfigurationName = Release;
		};
		49807B8C26D4C3E70058019B /* Build configuration list for PBXNativeTarget "war-challengeUITests" */ = {
			isa = XCConfigurationList;
			buildConfigurations = (
				49807B8D26D4C3E70058019B /* Debug */,
				49807B8E26D4C3E70058019B /* Release */,
			);
			defaultConfigurationIsVisible = 0;
			defaultConfigurationName = Release;
		};
/* End XCConfigurationList section */
	};
	rootObject = 49807B5926D4C3E60058019B /* Project object */;
}
